
Microsoft Visual Studio Solution File, Format Version 12.00
# Visual Studio Version 16
VisualStudioVersion = 16.0.30523.141
MinimumVisualStudioVersion = 10.0.40219.1
Project("{FAE04EC0-301F-11D3-BF4B-00C04F79EFBC}") = "exercice1", "exercice1\exercice1.csproj", "{6360F1A7-3BCE-4E84-BD56-41A665F16930}"
EndProject
Global
	GlobalSection(SolutionConfigurationPlatforms) = preSolution
		Debug|Any CPU = Debug|Any CPU
		Release|Any CPU = Release|Any CPU
	EndGlobalSection
	GlobalSection(ProjectConfigurationPlatforms) = postSolution
		{6360F1A7-3BCE-4E84-BD56-41A665F16930}.Debug|Any CPU.ActiveCfg = Debug|Any CPU
		{6360F1A7-3BCE-4E84-BD56-41A665F16930}.Debug|Any CPU.Build.0 = Debug|Any CPU
		{6360F1A7-3BCE-4E84-BD56-41A665F16930}.Release|Any CPU.ActiveCfg = Release|Any CPU
		{6360F1A7-3BCE-4E84-BD56-41A665F16930}.Release|Any CPU.Build.0 = Release|Any CPU
	EndGlobalSection
	GlobalSection(SolutionProperties) = preSolution
		HideSolutionNode = FALSE
	EndGlobalSection
	GlobalSection(ExtensibilityGlobals) = postSolution
		SolutionGuid = {D0D10AAF-ABAB-4D47-9619-3CE96D9FE37A}
	EndGlobalSection
EndGlobal
